
Microsoft Visual Studio Solution File, Format Version 12.00
# Visual Studio Version 17
VisualStudioVersion = 17.5.33530.505
MinimumVisualStudioVersion = 10.0.40219.1
Project("{FAE04EC0-301F-11D3-BF4B-00C04F79EFBC}") = "RecursionPrac", "RecursionPrac\RecursionPrac.csproj", "{AB25B6C0-E7DE-4F31-A12A-C3627B38BA61}"
EndProject
Global
	GlobalSection(SolutionConfigurationPlatforms) = preSolution
		Debug|Any CPU = Debug|Any CPU
		Release|Any CPU = Release|Any CPU
	EndGlobalSection
	GlobalSection(ProjectConfigurationPlatforms) = postSolution
		{AB25B6C0-E7DE-4F31-A12A-C3627B38BA61}.Debug|Any CPU.ActiveCfg = Debug|Any CPU
		{AB25B6C0-E7DE-4F31-A12A-C3627B38BA61}.Debug|Any CPU.Build.0 = Debug|Any CPU
		{AB25B6C0-E7DE-4F31-A12A-C3627B38BA61}.Release|Any CPU.ActiveCfg = Release|Any CPU
		{AB25B6C0-E7DE-4F31-A12A-C3627B38BA61}.Release|Any CPU.Build.0 = Release|Any CPU
	EndGlobalSection
	GlobalSection(SolutionProperties) = preSolution
		HideSolutionNode = FALSE
	EndGlobalSection
	GlobalSection(ExtensibilityGlobals) = postSolution
		SolutionGuid = {5DBCF292-E99E-4A2C-84B0-75D25553FD3B}
	EndGlobalSection
EndGlobal
